
Microsoft Visual Studio Solution File, Format Version 12.00
# Visual Studio Version 17
VisualStudioVersion = 17.2.32616.157
MinimumVisualStudioVersion = 10.0.40219.1
Project("{2150E333-8FDC-42A3-9474-1A3956D46DE8}") = "Services", "Services", "{3B7B4BA8-F169-4891-A5A3-54D6B06530C2}"
EndProject
Project("{2150E333-8FDC-42A3-9474-1A3956D46DE8}") = "ApiGateways", "ApiGateways", "{F6304CB0-96E3-4F29-89C9-5A9AFF6EC4EA}"
EndProject
Project("{2150E333-8FDC-42A3-9474-1A3956D46DE8}") = "BuildingBlocks", "BuildingBlocks", "{F4E6C138-26C5-4947-BB2D-EA8229C34C93}"
EndProject
Project("{2150E333-8FDC-42A3-9474-1A3956D46DE8}") = "ProjectService", "ProjectService", "{BCC6ED97-F801-41FA-8B03-2B23E733F258}"
EndProject
Project("{2150E333-8FDC-42A3-9474-1A3956D46DE8}") = "IdentityService", "IdentityService", "{91577619-6611-41EB-AC8F-0E9665265579}"
EndProject
Project("{9A19103F-16F7-4668-BE54-9A1E7A4F7556}") = "ProjectManagement.Infrastructure.Shared", "src\BuildingBlocks\ProjectManagement.Infrastructure.Shared\ProjectManagement.Infrastructure.Shared.csproj", "{8D22E1BB-7854-4987-994E-DA035ABC778E}"
EndProject
Project("{9A19103F-16F7-4668-BE54-9A1E7A4F7556}") = "ProjectManagement.Domain.Shared", "src\BuildingBlocks\ProjectManagement.Domain.Shared\ProjectManagement.Domain.Shared.csproj", "{9D32180E-BF79-442B-9678-DA7EFFA9AC07}"
EndProject
Project("{9A19103F-16F7-4668-BE54-9A1E7A4F7556}") = "ProjectManagement.Project.Domain", "src\Services\Project\ProjectManagement.Project.Domain\ProjectManagement.Project.Domain.csproj", "{C6AEC2AA-3744-4A2E-A52D-D127D7467B76}"
EndProject
Project("{9A19103F-16F7-4668-BE54-9A1E7A4F7556}") = "ProjectManagement.Project.Infrastructure", "src\Services\Project\ProjectManagement.Project.Infrastructure\ProjectManagement.Project.Infrastructure.csproj", "{5F4209FB-A65D-4CE6-A938-F575710C92E0}"
EndProject
Project("{9A19103F-16F7-4668-BE54-9A1E7A4F7556}") = "ProjectManagement.EventSourcing.Shared", "src\BuildingBlocks\ProjectManagement.EventSourcing.Shared\ProjectManagement.EventSourcing.Shared.csproj", "{68205C5B-508D-4591-A114-DF696214BDCC}"
EndProject
Project("{9A19103F-16F7-4668-BE54-9A1E7A4F7556}") = "ProjectManagement.Project.Infrastructure.Interfaces", "src\Services\Project\ProjectManagement.Project.Infrastructure.Interfaces\ProjectManagement.Project.Infrastructure.Interfaces.csproj", "{4AE8C46B-BA01-4D2E-91EF-905777570AD9}"
EndProject
Project("{9A19103F-16F7-4668-BE54-9A1E7A4F7556}") = "ProjectManagement.Project.Application", "src\Services\Project\ProjectManagement.Project.Application\ProjectManagement.Project.Application.csproj", "{A8081F16-6C39-4C1E-A0A1-F4BC45FF339A}"
	ProjectSection(ProjectDependencies) = postProject
		{4AE8C46B-BA01-4D2E-91EF-905777570AD9} = {4AE8C46B-BA01-4D2E-91EF-905777570AD9}
	EndProjectSection
EndProject
Project("{9A19103F-16F7-4668-BE54-9A1E7A4F7556}") = "ProjectManagement.IdentityServer.API", "src\Services\Identity\ProjectManagement.IdentityServer.API\ProjectManagement.IdentityServer.API.csproj", "{5287579C-298E-44D9-8E7C-9AC2324CE956}"
EndProject
Project("{9A19103F-16F7-4668-BE54-9A1E7A4F7556}") = "ProjectManagement.IdentityServer.BLL", "src\Services\Identity\ProjectManagement.IdentityServer.BLL\ProjectManagement.IdentityServer.BLL.csproj", "{9DD1480B-4D36-480F-859E-9D58E535D3DB}"
EndProject
Project("{9A19103F-16F7-4668-BE54-9A1E7A4F7556}") = "ProjectManagement.IdentityServer.DAL", "src\Services\Identity\ProjectManagement.IdentityServer.DAL\ProjectManagement.IdentityServer.DAL.csproj", "{CC1620D3-6CCF-4986-A499-CCFFB03A0B9C}"
EndProject
Project("{9A19103F-16F7-4668-BE54-9A1E7A4F7556}") = "ProjectManagement.ApiGateway.Ocelot", "src\ApiGateways\ProjectManagement.ApiGateway.Ocelot\ProjectManagement.ApiGateway.Ocelot.csproj", "{7F02BE60-A058-47DD-866A-673A754EE1D5}"
EndProject
Project("{9A19103F-16F7-4668-BE54-9A1E7A4F7556}") = "ProjectManagement.Project.API", "src\Services\Project\ProjectManagement.Project.API\ProjectManagement.Project.API.csproj", "{F74BF66D-1DFD-4BC0-B963-80875F3092EA}"
EndProject
Project("{9A19103F-16F7-4668-BE54-9A1E7A4F7556}") = "ProjectManagement.API.Shared", "src\BuildingBlocks\ProjectManagement.API.Shared\ProjectManagement.API.Shared.csproj", "{E55054EC-39AF-4271-98E9-8F387A3F39AE}"
EndProject
Project("{9A19103F-16F7-4668-BE54-9A1E7A4F7556}") = "ProjectManagement.Auth.JWT", "src\BuildingBlocks\ProjectManagement.Auth.JWT\ProjectManagement.Auth.JWT.csproj", "{A61F81C4-7606-4F77-8A5D-9D13F8CC433B}"
EndProject
Project("{9A19103F-16F7-4668-BE54-9A1E7A4F7556}") = "ProjectManagement.Utils", "src\BuildingBlocks\ProjectManagement.Utils\ProjectManagement.Utils.csproj", "{2DB6721F-5A13-4931-AA23-19E87F6F3C4C}"
EndProject
Project("{E53339B2-1760-4266-BCC7-CA923CBCF16C}") = "docker-compose", "docker-compose.dcproj", "{2EE01D26-528F-4E99-B064-8702F0B806D4}"
EndProject
Global
	GlobalSection(SolutionConfigurationPlatforms) = preSolution
		Debug|Any CPU = Debug|Any CPU
		Release|Any CPU = Release|Any CPU
	EndGlobalSection
	GlobalSection(ProjectConfigurationPlatforms) = postSolution
		{8D22E1BB-7854-4987-994E-DA035ABC778E}.Debug|Any CPU.ActiveCfg = Debug|Any CPU
		{8D22E1BB-7854-4987-994E-DA035ABC778E}.Debug|Any CPU.Build.0 = Debug|Any CPU
		{8D22E1BB-7854-4987-994E-DA035ABC778E}.Release|Any CPU.ActiveCfg = Release|Any CPU
		{8D22E1BB-7854-4987-994E-DA035ABC778E}.Release|Any CPU.Build.0 = Release|Any CPU
		{9D32180E-BF79-442B-9678-DA7EFFA9AC07}.Debug|Any CPU.ActiveCfg = Debug|Any CPU
		{9D32180E-BF79-442B-9678-DA7EFFA9AC07}.Debug|Any CPU.Build.0 = Debug|Any CPU
		{9D32180E-BF79-442B-9678-DA7EFFA9AC07}.Release|Any CPU.ActiveCfg = Release|Any CPU
		{9D32180E-BF79-442B-9678-DA7EFFA9AC07}.Release|Any CPU.Build.0 = Release|Any CPU
		{C6AEC2AA-3744-4A2E-A52D-D127D7467B76}.Debug|Any CPU.ActiveCfg = Debug|Any CPU
		{C6AEC2AA-3744-4A2E-A52D-D127D7467B76}.Debug|Any CPU.Build.0 = Debug|Any CPU
		{C6AEC2AA-3744-4A2E-A52D-D127D7467B76}.Release|Any CPU.ActiveCfg = Release|Any CPU
		{C6AEC2AA-3744-4A2E-A52D-D127D7467B76}.Release|Any CPU.Build.0 = Release|Any CPU
		{5F4209FB-A65D-4CE6-A938-F575710C92E0}.Debug|Any CPU.ActiveCfg = Debug|Any CPU
		{5F4209FB-A65D-4CE6-A938-F575710C92E0}.Debug|Any CPU.Build.0 = Debug|Any CPU
		{5F4209FB-A65D-4CE6-A938-F575710C92E0}.Release|Any CPU.ActiveCfg = Release|Any CPU
		{5F4209FB-A65D-4CE6-A938-F575710C92E0}.Release|Any CPU.Build.0 = Release|Any CPU
		{68205C5B-508D-4591-A114-DF696214BDCC}.Debug|Any CPU.ActiveCfg = Debug|Any CPU
		{68205C5B-508D-4591-A114-DF696214BDCC}.Debug|Any CPU.Build.0 = Debug|Any CPU
		{68205C5B-508D-4591-A114-DF696214BDCC}.Release|Any CPU.ActiveCfg = Release|Any CPU
		{68205C5B-508D-4591-A114-DF696214BDCC}.Release|Any CPU.Build.0 = Release|Any CPU
		{4AE8C46B-BA01-4D2E-91EF-905777570AD9}.Debug|Any CPU.ActiveCfg = Debug|Any CPU
		{4AE8C46B-BA01-4D2E-91EF-905777570AD9}.Debug|Any CPU.Build.0 = Debug|Any CPU
		{4AE8C46B-BA01-4D2E-91EF-905777570AD9}.Release|Any CPU.ActiveCfg = Release|Any CPU
		{4AE8C46B-BA01-4D2E-91EF-905777570AD9}.Release|Any CPU.Build.0 = Release|Any CPU
		{A8081F16-6C39-4C1E-A0A1-F4BC45FF339A}.Debug|Any CPU.ActiveCfg = Debug|Any CPU
		{A8081F16-6C39-4C1E-A0A1-F4BC45FF339A}.Debug|Any CPU.Build.0 = Debug|Any CPU
		{A8081F16-6C39-4C1E-A0A1-F4BC45FF339A}.Release|Any CPU.ActiveCfg = Release|Any CPU
		{A8081F16-6C39-4C1E-A0A1-F4BC45FF339A}.Release|Any CPU.Build.0 = Release|Any CPU
		{5287579C-298E-44D9-8E7C-9AC2324CE956}.Debug|Any CPU.ActiveCfg = Debug|Any CPU
		{5287579C-298E-44D9-8E7C-9AC2324CE956}.Debug|Any CPU.Build.0 = Debug|Any CPU
		{5287579C-298E-44D9-8E7C-9AC2324CE956}.Release|Any CPU.ActiveCfg = Release|Any CPU
		{5287579C-298E-44D9-8E7C-9AC2324CE956}.Release|Any CPU.Build.0 = Release|Any CPU
		{9DD1480B-4D36-480F-859E-9D58E535D3DB}.Debug|Any CPU.ActiveCfg = Debug|Any CPU
		{9DD1480B-4D36-480F-859E-9D58E535D3DB}.Debug|Any CPU.Build.0 = Debug|Any CPU
		{9DD1480B-4D36-480F-859E-9D58E535D3DB}.Release|Any CPU.ActiveCfg = Release|Any CPU
		{9DD1480B-4D36-480F-859E-9D58E535D3DB}.Release|Any CPU.Build.0 = Release|Any CPU
		{CC1620D3-6CCF-4986-A499-CCFFB03A0B9C}.Debug|Any CPU.ActiveCfg = Debug|Any CPU
		{CC1620D3-6CCF-4986-A499-CCFFB03A0B9C}.Debug|Any CPU.Build.0 = Debug|Any CPU
		{CC1620D3-6CCF-4986-A499-CCFFB03A0B9C}.Release|Any CPU.ActiveCfg = Release|Any CPU
		{CC1620D3-6CCF-4986-A499-CCFFB03A0B9C}.Release|Any CPU.Build.0 = Release|Any CPU
		{7F02BE60-A058-47DD-866A-673A754EE1D5}.Debug|Any CPU.ActiveCfg = Debug|Any CPU
		{7F02BE60-A058-47DD-866A-673A754EE1D5}.Debug|Any CPU.Build.0 = Debug|Any CPU
		{7F02BE60-A058-47DD-866A-673A754EE1D5}.Release|Any CPU.ActiveCfg = Release|Any CPU
		{7F02BE60-A058-47DD-866A-673A754EE1D5}.Release|Any CPU.Build.0 = Release|Any CPU
		{F74BF66D-1DFD-4BC0-B963-80875F3092EA}.Debug|Any CPU.ActiveCfg = Debug|Any CPU
		{F74BF66D-1DFD-4BC0-B963-80875F3092EA}.Debug|Any CPU.Build.0 = Debug|Any CPU
		{F74BF66D-1DFD-4BC0-B963-80875F3092EA}.Release|Any CPU.ActiveCfg = Release|Any CPU
		{F74BF66D-1DFD-4BC0-B963-80875F3092EA}.Release|Any CPU.Build.0 = Release|Any CPU
		{E55054EC-39AF-4271-98E9-8F387A3F39AE}.Debug|Any CPU.ActiveCfg = Debug|Any CPU
		{E55054EC-39AF-4271-98E9-8F387A3F39AE}.Debug|Any CPU.Build.0 = Debug|Any CPU
		{E55054EC-39AF-4271-98E9-8F387A3F39AE}.Release|Any CPU.ActiveCfg = Release|Any CPU
		{E55054EC-39AF-4271-98E9-8F387A3F39AE}.Release|Any CPU.Build.0 = Release|Any CPU
		{A61F81C4-7606-4F77-8A5D-9D13F8CC433B}.Debug|Any CPU.ActiveCfg = Debug|Any CPU
		{A61F81C4-7606-4F77-8A5D-9D13F8CC433B}.Debug|Any CPU.Build.0 = Debug|Any CPU
		{A61F81C4-7606-4F77-8A5D-9D13F8CC433B}.Release|Any CPU.ActiveCfg = Release|Any CPU
		{A61F81C4-7606-4F77-8A5D-9D13F8CC433B}.Release|Any CPU.Build.0 = Release|Any CPU
		{2DB6721F-5A13-4931-AA23-19E87F6F3C4C}.Debug|Any CPU.ActiveCfg = Debug|Any CPU
		{2DB6721F-5A13-4931-AA23-19E87F6F3C4C}.Debug|Any CPU.Build.0 = Debug|Any CPU
		{2DB6721F-5A13-4931-AA23-19E87F6F3C4C}.Release|Any CPU.ActiveCfg = Release|Any CPU
		{2DB6721F-5A13-4931-AA23-19E87F6F3C4C}.Release|Any CPU.Build.0 = Release|Any CPU
		{2EE01D26-528F-4E99-B064-8702F0B806D4}.Debug|Any CPU.ActiveCfg = Debug|Any CPU
		{2EE01D26-528F-4E99-B064-8702F0B806D4}.Debug|Any CPU.Build.0 = Debug|Any CPU
		{2EE01D26-528F-4E99-B064-8702F0B806D4}.Release|Any CPU.ActiveCfg = Release|Any CPU
		{2EE01D26-528F-4E99-B064-8702F0B806D4}.Release|Any CPU.Build.0 = Release|Any CPU
	EndGlobalSection
	GlobalSection(SolutionProperties) = preSolution
		HideSolutionNode = FALSE
	EndGlobalSection
	GlobalSection(NestedProjects) = preSolution
		{BCC6ED97-F801-41FA-8B03-2B23E733F258} = {3B7B4BA8-F169-4891-A5A3-54D6B06530C2}
		{91577619-6611-41EB-AC8F-0E9665265579} = {3B7B4BA8-F169-4891-A5A3-54D6B06530C2}
		{8D22E1BB-7854-4987-994E-DA035ABC778E} = {F4E6C138-26C5-4947-BB2D-EA8229C34C93}
		{9D32180E-BF79-442B-9678-DA7EFFA9AC07} = {F4E6C138-26C5-4947-BB2D-EA8229C34C93}
		{C6AEC2AA-3744-4A2E-A52D-D127D7467B76} = {BCC6ED97-F801-41FA-8B03-2B23E733F258}
		{5F4209FB-A65D-4CE6-A938-F575710C92E0} = {BCC6ED97-F801-41FA-8B03-2B23E733F258}
		{68205C5B-508D-4591-A114-DF696214BDCC} = {F4E6C138-26C5-4947-BB2D-EA8229C34C93}
		{4AE8C46B-BA01-4D2E-91EF-905777570AD9} = {BCC6ED97-F801-41FA-8B03-2B23E733F258}
		{A8081F16-6C39-4C1E-A0A1-F4BC45FF339A} = {BCC6ED97-F801-41FA-8B03-2B23E733F258}
		{5287579C-298E-44D9-8E7C-9AC2324CE956} = {91577619-6611-41EB-AC8F-0E9665265579}
		{9DD1480B-4D36-480F-859E-9D58E535D3DB} = {91577619-6611-41EB-AC8F-0E9665265579}
		{CC1620D3-6CCF-4986-A499-CCFFB03A0B9C} = {91577619-6611-41EB-AC8F-0E9665265579}
		{7F02BE60-A058-47DD-866A-673A754EE1D5} = {F6304CB0-96E3-4F29-89C9-5A9AFF6EC4EA}
		{F74BF66D-1DFD-4BC0-B963-80875F3092EA} = {BCC6ED97-F801-41FA-8B03-2B23E733F258}
		{E55054EC-39AF-4271-98E9-8F387A3F39AE} = {F4E6C138-26C5-4947-BB2D-EA8229C34C93}
		{A61F81C4-7606-4F77-8A5D-9D13F8CC433B} = {F4E6C138-26C5-4947-BB2D-EA8229C34C93}
		{2DB6721F-5A13-4931-AA23-19E87F6F3C4C} = {F4E6C138-26C5-4947-BB2D-EA8229C34C93}
	EndGlobalSection
	GlobalSection(ExtensibilityGlobals) = postSolution
		SolutionGuid = {D074E21E-927B-4F26-A2D1-911546369E1D}
	EndGlobalSection
EndGlobal
